
Microsoft Visual Studio Solution File, Format Version 12.00
# Visual Studio Version 16
VisualStudioVersion = 16.0.30413.136
MinimumVisualStudioVersion = 10.0.40219.1
Project("{FAE04EC0-301F-11D3-BF4B-00C04F79EFBC}") = "BankWebApi", "BankWebApi.csproj", "{CB50EE25-D235-4714-9CED-7F2A88701A97}"
EndProject
Project("{FAE04EC0-301F-11D3-BF4B-00C04F79EFBC}") = "BankEntityFramework", "..\BankEntityFramework\BankEntityFramework.csproj", "{C705ED51-A1C6-44FB-B686-E2286FBF054C}"
EndProject
Project("{FAE04EC0-301F-11D3-BF4B-00C04F79EFBC}") = "BankUI", "..\BankUI\BankUI.csproj", "{61BFE431-0A6F-4964-9E4F-61121487D780}"
EndProject
Global
	GlobalSection(SolutionConfigurationPlatforms) = preSolution
		Debug|Any CPU = Debug|Any CPU
		Release|Any CPU = Release|Any CPU
	EndGlobalSection
	GlobalSection(ProjectConfigurationPlatforms) = postSolution
		{CB50EE25-D235-4714-9CED-7F2A88701A97}.Debug|Any CPU.ActiveCfg = Debug|Any CPU
		{CB50EE25-D235-4714-9CED-7F2A88701A97}.Debug|Any CPU.Build.0 = Debug|Any CPU
		{CB50EE25-D235-4714-9CED-7F2A88701A97}.Release|Any CPU.ActiveCfg = Release|Any CPU
		{CB50EE25-D235-4714-9CED-7F2A88701A97}.Release|Any CPU.Build.0 = Release|Any CPU
		{C705ED51-A1C6-44FB-B686-E2286FBF054C}.Debug|Any CPU.ActiveCfg = Debug|Any CPU
		{C705ED51-A1C6-44FB-B686-E2286FBF054C}.Debug|Any CPU.Build.0 = Debug|Any CPU
		{C705ED51-A1C6-44FB-B686-E2286FBF054C}.Release|Any CPU.ActiveCfg = Release|Any CPU
		{C705ED51-A1C6-44FB-B686-E2286FBF054C}.Release|Any CPU.Build.0 = Release|Any CPU
		{61BFE431-0A6F-4964-9E4F-61121487D780}.Debug|Any CPU.ActiveCfg = Debug|Any CPU
		{61BFE431-0A6F-4964-9E4F-61121487D780}.Debug|Any CPU.Build.0 = Debug|Any CPU
		{61BFE431-0A6F-4964-9E4F-61121487D780}.Release|Any CPU.ActiveCfg = Release|Any CPU
		{61BFE431-0A6F-4964-9E4F-61121487D780}.Release|Any CPU.Build.0 = Release|Any CPU
	EndGlobalSection
	GlobalSection(SolutionProperties) = preSolution
		HideSolutionNode = FALSE
	EndGlobalSection
	GlobalSection(ExtensibilityGlobals) = postSolution
		SolutionGuid = {12C91C14-2484-4346-B60A-4876B9AC9E6E}
	EndGlobalSection
EndGlobal
